
Microsoft Visual Studio Solution File, Format Version 12.00
# Visual Studio Version 16
VisualStudioVersion = 16.0.29123.88
MinimumVisualStudioVersion = 10.0.40219.1
Project("{FAE04EC0-301F-11D3-BF4B-00C04F79EFBC}") = "RabbitMQReciever1", "RabbitMQReciever1\RabbitMQReciever1.csproj", "{0EAE6EC0-8DF7-4B4E-9203-59CD1865F0C2}"
EndProject
Project("{FAE04EC0-301F-11D3-BF4B-00C04F79EFBC}") = "MassTransietReciever1", "MassTransietReciever1\MassTransietReciever1.csproj", "{ECEEEEF3-8D41-4720-BCCE-65FC9B1EC6A4}"
EndProject
Global
	GlobalSection(SolutionConfigurationPlatforms) = preSolution
		Debug|Any CPU = Debug|Any CPU
		Release|Any CPU = Release|Any CPU
	EndGlobalSection
	GlobalSection(ProjectConfigurationPlatforms) = postSolution
		{0EAE6EC0-8DF7-4B4E-9203-59CD1865F0C2}.Debug|Any CPU.ActiveCfg = Debug|Any CPU
		{0EAE6EC0-8DF7-4B4E-9203-59CD1865F0C2}.Debug|Any CPU.Build.0 = Debug|Any CPU
		{0EAE6EC0-8DF7-4B4E-9203-59CD1865F0C2}.Release|Any CPU.ActiveCfg = Release|Any CPU
		{0EAE6EC0-8DF7-4B4E-9203-59CD1865F0C2}.Release|Any CPU.Build.0 = Release|Any CPU
		{ECEEEEF3-8D41-4720-BCCE-65FC9B1EC6A4}.Debug|Any CPU.ActiveCfg = Debug|Any CPU
		{ECEEEEF3-8D41-4720-BCCE-65FC9B1EC6A4}.Debug|Any CPU.Build.0 = Debug|Any CPU
		{ECEEEEF3-8D41-4720-BCCE-65FC9B1EC6A4}.Release|Any CPU.ActiveCfg = Release|Any CPU
		{ECEEEEF3-8D41-4720-BCCE-65FC9B1EC6A4}.Release|Any CPU.Build.0 = Release|Any CPU
	EndGlobalSection
	GlobalSection(SolutionProperties) = preSolution
		HideSolutionNode = FALSE
	EndGlobalSection
	GlobalSection(ExtensibilityGlobals) = postSolution
		SolutionGuid = {BCA4631F-A257-4327-9E51-551BFDC652BC}
	EndGlobalSection
EndGlobal
